// !$*UTF8*$!
{
	archiveVersion = 1;
	classes = {
	};
	objectVersion = 56;
	objects = {

/* Begin PBXBuildFile section */
		B00E3F022C84A7040020A6BD /* HomeyWorkApp.swift in Sources */ = {isa = PBXBuildFile; fileRef = B00E3F012C84A7040020A6BD /* HomeyWorkApp.swift */; };
		B00E3F042C84A7040020A6BD /* ContentView.swift in Sources */ = {isa = PBXBuildFile; fileRef = B00E3F032C84A7040020A6BD /* ContentView.swift */; };
		B00E3F062C84A7050020A6BD /* Assets.xcassets in Resources */ = {isa = PBXBuildFile; fileRef = B00E3F052C84A7050020A6BD /* Assets.xcassets */; };
		B00E3F092C84A7050020A6BD /* Preview Assets.xcassets in Resources */ = {isa = PBXBuildFile; fileRef = B00E3F082C84A7050020A6BD /* Preview Assets.xcassets */; };
		B00E3F132C84A7050020A6BD /* HomeyWorkTests.swift in Sources */ = {isa = PBXBuildFile; fileRef = B00E3F122C84A7050020A6BD /* HomeyWorkTests.swift */; };
		B00E3F1D2C84A7050020A6BD /* HomeyWorkUITests.swift in Sources */ = {isa = PBXBuildFile; fileRef = B00E3F1C2C84A7050020A6BD /* HomeyWorkUITests.swift */; };
		B00E3F1F2C84A7050020A6BD /* HomeyWorkUITestsLaunchTests.swift in Sources */ = {isa = PBXBuildFile; fileRef = B00E3F1E2C84A7050020A6BD /* HomeyWorkUITestsLaunchTests.swift */; };
/* End PBXBuildFile section */

/* Begin PBXContainerItemProxy section */
		B00E3F0F2C84A7050020A6BD /* PBXContainerItemProxy */ = {
			isa = PBXContainerItemProxy;
			containerPortal = B00E3EF62C84A7040020A6BD /* Project object */;
			proxyType = 1;
			remoteGlobalIDString = B00E3EFD2C84A7040020A6BD;
			remoteInfo = HomeyWork;
		};
		B00E3F192C84A7050020A6BD /* PBXContainerItemProxy */ = {
			isa = PBXContainerItemProxy;
			containerPortal = B00E3EF62C84A7040020A6BD /* Project object */;
			proxyType = 1;
			remoteGlobalIDString = B00E3EFD2C84A7040020A6BD;
			remoteInfo = HomeyWork;
		};
/* End PBXContainerItemProxy section */

/* Begin PBXFileReference section */
		B00E3EFE2C84A7040020A6BD /* HomeyWork.app */ = {isa = PBXFileReference; explicitFileType = wrapper.application; includeInIndex = 0; path = HomeyWork.app; sourceTree = BUILT_PRODUCTS_DIR; };
		B00E3F012C84A7040020A6BD /* HomeyWorkApp.swift */ = {isa = PBXFileReference; lastKnownFileType = sourcecode.swift; path = HomeyWorkApp.swift; sourceTree = "<group>"; };
		B00E3F032C84A7040020A6BD /* ContentView.swift */ = {isa = PBXFileReference; lastKnownFileType = sourcecode.swift; path = ContentView.swift; sourceTree = "<group>"; };
		B00E3F052C84A7050020A6BD /* Assets.xcassets */ = {isa = PBXFileReference; lastKnownFileType = folder.assetcatalog; path = Assets.xcassets; sourceTree = "<group>"; };
		B00E3F082C84A7050020A6BD /* Preview Assets.xcassets */ = {isa = PBXFileReference; lastKnownFileType = folder.assetcatalog; path = "Preview Assets.xcassets"; sourceTree = "<group>"; };
		B00E3F0E2C84A7050020A6BD /* HomeyWorkTests.xctest */ = {isa = PBXFileReference; explicitFileType = wrapper.cfbundle; includeInIndex = 0; path = HomeyWorkTests.xctest; sourceTree = BUILT_PRODUCTS_DIR; };
		B00E3F122C84A7050020A6BD /* HomeyWorkTests.swift */ = {isa = PBXFileReference; lastKnownFileType = sourcecode.swift; path = HomeyWorkTests.swift; sourceTree = "<group>"; };
		B00E3F182C84A7050020A6BD /* HomeyWorkUITests.xctest */ = {isa = PBXFileReference; explicitFileType = wrapper.cfbundle; includeInIndex = 0; path = HomeyWorkUITests.xctest; sourceTree = BUILT_PRODUCTS_DIR; };
		B00E3F1C2C84A7050020A6BD /* HomeyWorkUITests.swift */ = {isa = PBXFileReference; lastKnownFileType = sourcecode.swift; path = HomeyWorkUITests.swift; sourceTree = "<group>"; };
		B00E3F1E2C84A7050020A6BD /* HomeyWorkUITestsLaunchTests.swift */ = {isa = PBXFileReference; lastKnownFileType = sourcecode.swift; path = HomeyWorkUITestsLaunchTests.swift; sourceTree = "<group>"; };
/* End PBXFileReference section */

/* Begin PBXFrameworksBuildPhase section */
		B00E3EFB2C84A7040020A6BD /* Frameworks */ = {
			isa = PBXFrameworksBuildPhase;
			buildActionMask = 2147483647;
			files = (
			);
			runOnlyForDeploymentPostprocessing = 0;
		};
		B00E3F0B2C84A7050020A6BD /* Frameworks */ = {
			isa = PBXFrameworksBuildPhase;
			buildActionMask = 2147483647;
			files = (
			);
			runOnlyForDeploymentPostprocessing = 0;
		};
		B00E3F152C84A7050020A6BD /* Frameworks */ = {
			isa = PBXFrameworksBuildPhase;
			buildActionMask = 2147483647;
			files = (
			);
			runOnlyForDeploymentPostprocessing = 0;
		};
/* End PBXFrameworksBuildPhase section */

/* Begin PBXGroup section */
		B00E3EF52C84A7040020A6BD = {
			isa = PBXGroup;
			children = (
				B00E3F002C84A7040020A6BD /* HomeyWork */,
				B00E3F112C84A7050020A6BD /* HomeyWorkTests */,
				B00E3F1B2C84A7050020A6BD /* HomeyWorkUITests */,
				B00E3EFF2C84A7040020A6BD /* Products */,
			);
			sourceTree = "<group>";
		};
		B00E3EFF2C84A7040020A6BD /* Products */ = {
			isa = PBXGroup;
			children = (
				B00E3EFE2C84A7040020A6BD /* HomeyWork.app */,
				B00E3F0E2C84A7050020A6BD /* HomeyWorkTests.xctest */,
				B00E3F182C84A7050020A6BD /* HomeyWorkUITests.xctest */,
			);
			name = Products;
			sourceTree = "<group>";
		};
		B00E3F002C84A7040020A6BD /* HomeyWork */ = {
			isa = PBXGroup;
			children = (
				B00E3F012C84A7040020A6BD /* HomeyWorkApp.swift */,
				B00E3F032C84A7040020A6BD /* ContentView.swift */,
				B00E3F052C84A7050020A6BD /* Assets.xcassets */,
				B00E3F072C84A7050020A6BD /* Preview Content */,
			);
			path = HomeyWork;
			sourceTree = "<group>";
		};
		B00E3F072C84A7050020A6BD /* Preview Content */ = {
			isa = PBXGroup;
			children = (
				B00E3F082C84A7050020A6BD /* Preview Assets.xcassets */,
			);
			path = "Preview Content";
			sourceTree = "<group>";
		};
		B00E3F112C84A7050020A6BD /* HomeyWorkTests */ = {
			isa = PBXGroup;
			children = (
				B00E3F122C84A7050020A6BD /* HomeyWorkTests.swift */,
			);
			path = HomeyWorkTests;
			sourceTree = "<group>";
		};
		B00E3F1B2C84A7050020A6BD /* HomeyWorkUITests */ = {
			isa = PBXGroup;
			children = (
				B00E3F1C2C84A7050020A6BD /* HomeyWorkUITests.swift */,
				B00E3F1E2C84A7050020A6BD /* HomeyWorkUITestsLaunchTests.swift */,
			);
			path = HomeyWorkUITests;
			sourceTree = "<group>";
		};
/* End PBXGroup section */

/* Begin PBXNativeTarget section */
		B00E3EFD2C84A7040020A6BD /* HomeyWork */ = {
			isa = PBXNativeTarget;
			buildConfigurationList = B00E3F222C84A7050020A6BD /* Build configuration list for PBXNativeTarget "HomeyWork" */;
			buildPhases = (
				B00E3EFA2C84A7040020A6BD /* Sources */,
				B00E3EFB2C84A7040020A6BD /* Frameworks */,
				B00E3EFC2C84A7040020A6BD /* Resources */,
			);
			buildRules = (
			);
			dependencies = (
			);
			name = HomeyWork;
			productName = HomeyWork;
			productReference = B00E3EFE2C84A7040020A6BD /* HomeyWork.app */;
			productType = "com.apple.product-type.application";
		};
		B00E3F0D2C84A7050020A6BD /* HomeyWorkTests */ = {
			isa = PBXNativeTarget;
			buildConfigurationList = B00E3F252C84A7050020A6BD /* Build configuration list for PBXNativeTarget "HomeyWorkTests" */;
			buildPhases = (
				B00E3F0A2C84A7050020A6BD /* Sources */,
				B00E3F0B2C84A7050020A6BD /* Frameworks */,
				B00E3F0C2C84A7050020A6BD /* Resources */,
			);
			buildRules = (
			);
			dependencies = (
				B00E3F102C84A7050020A6BD /* PBXTargetDependency */,
			);
			name = HomeyWorkTests;
			productName = HomeyWorkTests;
			productReference = B00E3F0E2C84A7050020A6BD /* HomeyWorkTests.xctest */;
			productType = "com.apple.product-type.bundle.unit-test";
		};
		B00E3F172C84A7050020A6BD /* HomeyWorkUITests */ = {
			isa = PBXNativeTarget;
			buildConfigurationList = B00E3F282C84A7050020A6BD /* Build configuration list for PBXNativeTarget "HomeyWorkUITests" */;
			buildPhases = (
				B00E3F142C84A7050020A6BD /* Sources */,
				B00E3F152C84A7050020A6BD /* Frameworks */,
				B00E3F162C84A7050020A6BD /* Resources */,
			);
			buildRules = (
			);
			dependencies = (
				B00E3F1A2C84A7050020A6BD /* PBXTargetDependency */,
			);
			name = HomeyWorkUITests;
			productName = HomeyWorkUITests;
			productReference = B00E3F182C84A7050020A6BD /* HomeyWorkUITests.xctest */;
			productType = "com.apple.product-type.bundle.ui-testing";
		};
/* End PBXNativeTarget section */

/* Begin PBXProject section */
		B00E3EF62C84A7040020A6BD /* Project object */ = {
			isa = PBXProject;
			attributes = {
				BuildIndependentTargetsInParallel = 1;
				LastSwiftUpdateCheck = 1540;
				LastUpgradeCheck = 1540;
				TargetAttributes = {
					B00E3EFD2C84A7040020A6BD = {
						CreatedOnToolsVersion = 15.4;
					};
					B00E3F0D2C84A7050020A6BD = {
						CreatedOnToolsVersion = 15.4;
						TestTargetID = B00E3EFD2C84A7040020A6BD;
					};
					B00E3F172C84A7050020A6BD = {
						CreatedOnToolsVersion = 15.4;
						TestTargetID = B00E3EFD2C84A7040020A6BD;
					};
				};
			};
			buildConfigurationList = B00E3EF92C84A7040020A6BD /* Build configuration list for PBXProject "HomeyWork" */;
			compatibilityVersion = "Xcode 14.0";
			developmentRegion = en;
			hasScannedForEncodings = 0;
			knownRegions = (
				en,
				Base,
			);
			mainGroup = B00E3EF52C84A7040020A6BD;
			productRefGroup = B00E3EFF2C84A7040020A6BD /* Products */;
			projectDirPath = "";
			projectRoot = "";
			targets = (
				B00E3EFD2C84A7040020A6BD /* HomeyWork */,
				B00E3F0D2C84A7050020A6BD /* HomeyWorkTests */,
				B00E3F172C84A7050020A6BD /* HomeyWorkUITests */,
			);
		};
/* End PBXProject section */

/* Begin PBXResourcesBuildPhase section */
		B00E3EFC2C84A7040020A6BD /* Resources */ = {
			isa = PBXResourcesBuildPhase;
			buildActionMask = 2147483647;
			files = (
				B00E3F092C84A7050020A6BD /* Preview Assets.xcassets in Resources */,
				B00E3F062C84A7050020A6BD /* Assets.xcassets in Resources */,
			);
			runOnlyForDeploymentPostprocessing = 0;
		};
		B00E3F0C2C84A7050020A6BD /* Resources */ = {
			isa = PBXResourcesBuildPhase;
			buildActionMask = 2147483647;
			files = (
			);
			runOnlyForDeploymentPostprocessing = 0;
		};
		B00E3F162C84A7050020A6BD /* Resources */ = {
			isa = PBXResourcesBuildPhase;
			buildActionMask = 2147483647;
			files = (
			);
			runOnlyForDeploymentPostprocessing = 0;
		};
/* End PBXResourcesBuildPhase section */

/* Begin PBXSourcesBuildPhase section */
		B00E3EFA2C84A7040020A6BD /* Sources */ = {
			isa = PBXSourcesBuildPhase;
			buildActionMask = 2147483647;
			files = (
				B00E3F042C84A7040020A6BD /* ContentView.swift in Sources */,
				B00E3F022C84A7040020A6BD /* HomeyWorkApp.swift in Sources */,
			);
			runOnlyForDeploymentPostprocessing = 0;
		};
		B00E3F0A2C84A7050020A6BD /* Sources */ = {
			isa = PBXSourcesBuildPhase;
			buildActionMask = 2147483647;
			files = (
				B00E3F132C84A7050020A6BD /* HomeyWorkTests.swift in Sources */,
			);
			runOnlyForDeploymentPostprocessing = 0;
		};
		B00E3F142C84A7050020A6BD /* Sources */ = {
			isa = PBXSourcesBuildPhase;
			buildActionMask = 2147483647;
			files = (
				B00E3F1F2C84A7050020A6BD /* HomeyWorkUITestsLaunchTests.swift in Sources */,
				B00E3F1D2C84A7050020A6BD /* HomeyWorkUITests.swift in Sources */,
			);
			runOnlyForDeploymentPostprocessing = 0;
		};
/* End PBXSourcesBuildPhase section */

/* Begin PBXTargetDependency section */
		B00E3F102C84A7050020A6BD /* PBXTargetDependency */ = {
			isa = PBXTargetDependency;
			target = B00E3EFD2C84A7040020A6BD /* HomeyWork */;
			targetProxy = B00E3F0F2C84A7050020A6BD /* PBXContainerItemProxy */;
		};
		B00E3F1A2C84A7050020A6BD /* PBXTargetDependency */ = {
			isa = PBXTargetDependency;
			target = B00E3EFD2C84A7040020A6BD /* HomeyWork */;
			targetProxy = B00E3F192C84A7050020A6BD /* PBXContainerItemProxy */;
		};
/* End PBXTargetDependency section */

/* Begin XCBuildConfiguration section */
		B00E3F202C84A7050020A6BD /* Debug */ = {
			isa = XCBuildConfiguration;
			buildSettings = {
				ALWAYS_SEARCH_USER_PATHS = NO;
				ASSETCATALOG_COMPILER_GENERATE_SWIFT_ASSET_SYMBOL_EXTENSIONS = YES;
				CLANG_ANALYZER_NONNULL = YES;
				CLANG_ANALYZER_NUMBER_OBJECT_CONVERSION = YES_AGGRESSIVE;
				CLANG_CXX_LANGUAGE_STANDARD = "gnu++20";
				CLANG_ENABLE_MODULES = YES;
				CLANG_ENABLE_OBJC_ARC = YES;
				CLANG_ENABLE_OBJC_WEAK = YES;
				CLANG_WARN_BLOCK_CAPTURE_AUTORELEASING = YES;
				CLANG_WARN_BOOL_CONVERSION = YES;
				CLANG_WARN_COMMA = YES;
				CLANG_WARN_CONSTANT_CONVERSION = YES;
				CLANG_WARN_DEPRECATED_OBJC_IMPLEMENTATIONS = YES;
				CLANG_WARN_DIRECT_OBJC_ISA_USAGE = YES_ERROR;
				CLANG_WARN_DOCUMENTATION_COMMENTS = YES;
				CLANG_WARN_EMPTY_BODY = YES;
				CLANG_WARN_ENUM_CONVERSION = YES;
				CLANG_WARN_INFINITE_RECURSION = YES;
				CLANG_WARN_INT_CONVERSION = YES;
				CLANG_WARN_NON_LITERAL_NULL_CONVERSION = YES;
				CLANG_WARN_OBJC_IMPLICIT_RETAIN_SELF = YES;
				CLANG_WARN_OBJC_LITERAL_CONVERSION = YES;
				CLANG_WARN_OBJC_ROOT_CLASS = YES_ERROR;
				CLANG_WARN_QUOTED_INCLUDE_IN_FRAMEWORK_HEADER = YES;
				CLANG_WARN_RANGE_LOOP_ANALYSIS = YES;
				CLANG_WARN_STRICT_PROTOTYPES = YES;
				CLANG_WARN_SUSPICIOUS_MOVE = YES;
				CLANG_WARN_UNGUARDED_AVAILABILITY = YES_AGGRESSIVE;
				CLANG_WARN_UNREACHABLE_CODE = YES;
				CLANG_WARN__DUPLICATE_METHOD_MATCH = YES;
				COPY_PHASE_STRIP = NO;
				DEBUG_INFORMATION_FORMAT = dwarf;
				ENABLE_STRICT_OBJC_MSGSEND = YES;
				ENABLE_TESTABILITY = YES;
				ENABLE_USER_SCRIPT_SANDBOXING = YES;
				GCC_C_LANGUAGE_STANDARD = gnu17;
				GCC_DYNAMIC_NO_PIC = NO;
				GCC_NO_COMMON_BLOCKS = YES;
				GCC_OPTIMIZATION_LEVEL = 0;
				GCC_PREPROCESSOR_DEFINITIONS = (
					"DEBUG=1",
					"$(inherited)",
				);
				GCC_WARN_64_TO_32_BIT_CONVERSION = YES;
				GCC_WARN_ABOUT_RETURN_TYPE = YES_ERROR;
				GCC_WARN_UNDECLARED_SELECTOR = YES;
				GCC_WARN_UNINITIALIZED_AUTOS = YES_AGGRESSIVE;
				GCC_WARN_UNUSED_FUNCTION = YES;
				GCC_WARN_UNUSED_VARIABLE = YES;
				IPHONEOS_DEPLOYMENT_TARGET = 17.5;
				LOCALIZATION_PREFERS_STRING_CATALOGS = YES;
				MTL_ENABLE_DEBUG_INFO = INCLUDE_SOURCE;
				MTL_FAST_MATH = YES;
				ONLY_ACTIVE_ARCH = YES;
				SDKROOT = iphoneos;
				SWIFT_ACTIVE_COMPILATION_CONDITIONS = "DEBUG $(inherited)";
				SWIFT_OPTIMIZATION_LEVEL = "-Onone";
			};
			name = Debug;
		};
		B00E3F212C84A7050020A6BD /* Release */ = {
			isa = XCBuildConfiguration;
			buildSettings = {
				ALWAYS_SEARCH_USER_PATHS = NO;
				ASSETCATALOG_COMPILER_GENERATE_SWIFT_ASSET_SYMBOL_EXTENSIONS = YES;
				CLANG_ANALYZER_NONNULL = YES;
				CLANG_ANALYZER_NUMBER_OBJECT_CONVERSION = YES_AGGRESSIVE;
				CLANG_CXX_LANGUAGE_STANDARD = "gnu++20";
				CLANG_ENABLE_MODULES = YES;
				CLANG_ENABLE_OBJC_ARC = YES;
				CLANG_ENABLE_OBJC_WEAK = YES;
				CLANG_WARN_BLOCK_CAPTURE_AUTORELEASING = YES;
				CLANG_WARN_BOOL_CONVERSION = YES;
				CLANG_WARN_COMMA = YES;
				CLANG_WARN_CONSTANT_CONVERSION = YES;
				CLANG_WARN_DEPRECATED_OBJC_IMPLEMENTATIONS = YES;
				CLANG_WARN_DIRECT_OBJC_ISA_USAGE = YES_ERROR;
				CLANG_WARN_DOCUMENTATION_COMMENTS = YES;
				CLANG_WARN_EMPTY_BODY = YES;
				CLANG_WARN_ENUM_CONVERSION = YES;
				CLANG_WARN_INFINITE_RECURSION = YES;
				CLANG_WARN_INT_CONVERSION = YES;
				CLANG_WARN_NON_LITERAL_NULL_CONVERSION = YES;
				CLANG_WARN_OBJC_IMPLICIT_RETAIN_SELF = YES;
				CLANG_WARN_OBJC_LITERAL_CONVERSION = YES;
				CLANG_WARN_OBJC_ROOT_CLASS = YES_ERROR;
				CLANG_WARN_QUOTED_INCLUDE_IN_FRAMEWORK_HEADER = YES;
				CLANG_WARN_RANGE_LOOP_ANALYSIS = YES;
				CLANG_WARN_STRICT_PROTOTYPES = YES;
				CLANG_WARN_SUSPICIOUS_MOVE = YES;
				CLANG_WARN_UNGUARDED_AVAILABILITY = YES_AGGRESSIVE;
				CLANG_WARN_UNREACHABLE_CODE = YES;
				CLANG_WARN__DUPLICATE_METHOD_MATCH = YES;
				COPY_PHASE_STRIP = NO;
				DEBUG_INFORMATION_FORMAT = "dwarf-with-dsym";
				ENABLE_NS_ASSERTIONS = NO;
				ENABLE_STRICT_OBJC_MSGSEND = YES;
				ENABLE_USER_SCRIPT_SANDBOXING = YES;
				GCC_C_LANGUAGE_STANDARD = gnu17;
				GCC_NO_COMMON_BLOCKS = YES;
				GCC_WARN_64_TO_32_BIT_CONVERSION = YES;
				GCC_WARN_ABOUT_RETURN_TYPE = YES_ERROR;
				GCC_WARN_UNDECLARED_SELECTOR = YES;
				GCC_WARN_UNINITIALIZED_AUTOS = YES_AGGRESSIVE;
				GCC_WARN_UNUSED_FUNCTION = YES;
				GCC_WARN_UNUSED_VARIABLE = YES;
				IPHONEOS_DEPLOYMENT_TARGET = 17.5;
				LOCALIZATION_PREFERS_STRING_CATALOGS = YES;
				MTL_ENABLE_DEBUG_INFO = NO;
				MTL_FAST_MATH = YES;
				SDKROOT = iphoneos;
				SWIFT_COMPILATION_MODE = wholemodule;
				VALIDATE_PRODUCT = YES;
			};
			name = Release;
		};
		B00E3F232C84A7050020A6BD /* Debug */ = {
			isa = XCBuildConfiguration;
			buildSettings = {
				ASSETCATALOG_COMPILER_APPICON_NAME = AppIcon;
				ASSETCATALOG_COMPILER_GLOBAL_ACCENT_COLOR_NAME = AccentColor;
				CODE_SIGN_STYLE = Automatic;
				CURRENT_PROJECT_VERSION = 1;
				DEVELOPMENT_ASSET_PATHS = "\"HomeyWork/Preview Content\"";
				DEVELOPMENT_TEAM = 694886K98M;
				ENABLE_PREVIEWS = YES;
				GENERATE_INFOPLIST_FILE = YES;
				INFOPLIST_KEY_UIApplicationSceneManifest_Generation = YES;
				INFOPLIST_KEY_UIApplicationSupportsIndirectInputEvents = YES;
				INFOPLIST_KEY_UILaunchScreen_Generation = YES;
				INFOPLIST_KEY_UISupportedInterfaceOrientations_iPad = "UIInterfaceOrientationPortrait UIInterfaceOrientationPortraitUpsideDown UIInterfaceOrientationLandscapeLeft UIInterfaceOrientationLandscapeRight";
				INFOPLIST_KEY_UISupportedInterfaceOrientations_iPhone = "UIInterfaceOrientationPortrait UIInterfaceOrientationLandscapeLeft UIInterfaceOrientationLandscapeRight";
				LD_RUNPATH_SEARCH_PATHS = (
					"$(inherited)",
					"@executable_path/Frameworks",
				);
				MARKETING_VERSION = 1.0;
				PRODUCT_BUNDLE_IDENTIFIER = com.HomeyMusic.HomeyWork;
				PRODUCT_NAME = "$(TARGET_NAME)";
				SWIFT_EMIT_LOC_STRINGS = YES;
				SWIFT_VERSION = 5.0;
				TARGETED_DEVICE_FAMILY = "1,2";
			};
			name = Debug;
		};
		B00E3F242C84A7050020A6BD /* Release */ = {
			isa = XCBuildConfiguration;
			buildSettings = {
				ASSETCATALOG_COMPILER_APPICON_NAME = AppIcon;
				ASSETCATALOG_COMPILER_GLOBAL_ACCENT_COLOR_NAME = AccentColor;
				CODE_SIGN_STYLE = Automatic;
				CURRENT_PROJECT_VERSION = 1;
				DEVELOPMENT_ASSET_PATHS = "\"HomeyWork/Preview Content\"";
				DEVELOPMENT_TEAM = 694886K98M;
				ENABLE_PREVIEWS = YES;
				GENERATE_INFOPLIST_FILE = YES;
				INFOPLIST_KEY_UIApplicationSceneManifest_Generation = YES;
				INFOPLIST_KEY_UIApplicationSupportsIndirectInputEvents = YES;
				INFOPLIST_KEY_UILaunchScreen_Generation = YES;
				INFOPLIST_KEY_UISupportedInterfaceOrientations_iPad = "UIInterfaceOrientationPortrait UIInterfaceOrientationPortraitUpsideDown UIInterfaceOrientationLandscapeLeft UIInterfaceOrientationLandscapeRight";
				INFOPLIST_KEY_UISupportedInterfaceOrientations_iPhone = "UIInterfaceOrientationPortrait UIInterfaceOrientationLandscapeLeft UIInterfaceOrientationLandscapeRight";
				LD_RUNPATH_SEARCH_PATHS = (
					"$(inherited)",
					"@executable_path/Frameworks",
				);
				MARKETING_VERSION = 1.0;
				PRODUCT_BUNDLE_IDENTIFIER = com.HomeyMusic.HomeyWork;
				PRODUCT_NAME = "$(TARGET_NAME)";
				SWIFT_EMIT_LOC_STRINGS = YES;
				SWIFT_VERSION = 5.0;
				TARGETED_DEVICE_FAMILY = "1,2";
			};
			name = Release;
		};
		B00E3F262C84A7050020A6BD /* Debug */ = {
			isa = XCBuildConfiguration;
			buildSettings = {
				ALWAYS_EMBED_SWIFT_STANDARD_LIBRARIES = YES;
				BUNDLE_LOADER = "$(TEST_HOST)";
				CODE_SIGN_STYLE = Automatic;
				CURRENT_PROJECT_VERSION = 1;
				DEVELOPMENT_TEAM = 694886K98M;
				GENERATE_INFOPLIST_FILE = YES;
				IPHONEOS_DEPLOYMENT_TARGET = 17.5;
				MARKETING_VERSION = 1.0;
				PRODUCT_BUNDLE_IDENTIFIER = com.HomeyMusic.HomeyWorkTests;
				PRODUCT_NAME = "$(TARGET_NAME)";
				SWIFT_EMIT_LOC_STRINGS = NO;
				SWIFT_VERSION = 5.0;
				TARGETED_DEVICE_FAMILY = "1,2";
				TEST_HOST = "$(BUILT_PRODUCTS_DIR)/HomeyWork.app/$(BUNDLE_EXECUTABLE_FOLDER_PATH)/HomeyWork";
			};
			name = Debug;
		};
		B00E3F272C84A7050020A6BD /* Release */ = {
			isa = XCBuildConfiguration;
			buildSettings = {
				ALWAYS_EMBED_SWIFT_STANDARD_LIBRARIES = YES;
				BUNDLE_LOADER = "$(TEST_HOST)";
				CODE_SIGN_STYLE = Automatic;
				CURRENT_PROJECT_VERSION = 1;
				DEVELOPMENT_TEAM = 694886K98M;
				GENERATE_INFOPLIST_FILE = YES;
				IPHONEOS_DEPLOYMENT_TARGET = 17.5;
				MARKETING_VERSION = 1.0;
				PRODUCT_BUNDLE_IDENTIFIER = com.HomeyMusic.HomeyWorkTests;
				PRODUCT_NAME = "$(TARGET_NAME)";
				SWIFT_EMIT_LOC_STRINGS = NO;
				SWIFT_VERSION = 5.0;
				TARGETED_DEVICE_FAMILY = "1,2";
				TEST_HOST = "$(BUILT_PRODUCTS_DIR)/HomeyWork.app/$(BUNDLE_EXECUTABLE_FOLDER_PATH)/HomeyWork";
			};
			name = Release;
		};
		B00E3F292C84A7050020A6BD /* Debug */ = {
			isa = XCBuildConfiguration;
			buildSettings = {
				ALWAYS_EMBED_SWIFT_STANDARD_LIBRARIES = YES;
				CODE_SIGN_STYLE = Automatic;
				CURRENT_PROJECT_VERSION = 1;
				DEVELOPMENT_TEAM = 694886K98M;
				GENERATE_INFOPLIST_FILE = YES;
				MARKETING_VERSION = 1.0;
				PRODUCT_BUNDLE_IDENTIFIER = com.HomeyMusic.HomeyWorkUITests;
				PRODUCT_NAME = "$(TARGET_NAME)";
				SWIFT_EMIT_LOC_STRINGS = NO;
				SWIFT_VERSION = 5.0;
				TARGETED_DEVICE_FAMILY = "1,2";
				TEST_TARGET_NAME = HomeyWork;
			};
			name = Debug;
		};
		B00E3F2A2C84A7050020A6BD /* Release */ = {
			isa = XCBuildConfiguration;
			buildSettings = {
				ALWAYS_EMBED_SWIFT_STANDARD_LIBRARIES = YES;
				CODE_SIGN_STYLE = Automatic;
				CURRENT_PROJECT_VERSION = 1;
				DEVELOPMENT_TEAM = 694886K98M;
				GENERATE_INFOPLIST_FILE = YES;
				MARKETING_VERSION = 1.0;
				PRODUCT_BUNDLE_IDENTIFIER = com.HomeyMusic.HomeyWorkUITests;
				PRODUCT_NAME = "$(TARGET_NAME)";
				SWIFT_EMIT_LOC_STRINGS = NO;
				SWIFT_VERSION = 5.0;
				TARGETED_DEVICE_FAMILY = "1,2";
				TEST_TARGET_NAME = HomeyWork;
			};
			name = Release;
		};
/* End XCBuildConfiguration section */

/* Begin XCConfigurationList section */
		B00E3EF92C84A7040020A6BD /* Build configuration list for PBXProject "HomeyWork" */ = {
			isa = XCConfigurationList;
			buildConfigurations = (
				B00E3F202C84A7050020A6BD /* Debug */,
				B00E3F212C84A7050020A6BD /* Release */,
			);
			defaultConfigurationIsVisible = 0;
			defaultConfigurationName = Release;
		};
		B00E3F222C84A7050020A6BD /* Build configuration list for PBXNativeTarget "HomeyWork" */ = {
			isa = XCConfigurationList;
			buildConfigurations = (
				B00E3F232C84A7050020A6BD /* Debug */,
				B00E3F242C84A7050020A6BD /* Release */,
			);
			defaultConfigurationIsVisible = 0;
			defaultConfigurationName = Release;
		};
		B00E3F252C84A7050020A6BD /* Build configuration list for PBXNativeTarget "HomeyWorkTests" */ = {
			isa = XCConfigurationList;
			buildConfigurations = (
				B00E3F262C84A7050020A6BD /* Debug */,
				B00E3F272C84A7050020A6BD /* Release */,
			);
			defaultConfigurationIsVisible = 0;
			defaultConfigurationName = Release;
		};
		B00E3F282C84A7050020A6BD /* Build configuration list for PBXNativeTarget "HomeyWorkUITests" */ = {
			isa = XCConfigurationList;
			buildConfigurations = (
				B00E3F292C84A7050020A6BD /* Debug */,
				B00E3F2A2C84A7050020A6BD /* Release */,
			);
			defaultConfigurationIsVisible = 0;
			defaultConfigurationName = Release;
		};
/* End XCConfigurationList section */
	};
	rootObject = B00E3EF62C84A7040020A6BD /* Project object */;
}
